
Microsoft Visual Studio Solution File, Format Version 12.00
# Visual Studio 2013
VisualStudioVersion = 12.0.30723.0
MinimumVisualStudioVersion = 10.0.40219.1
Project("{FAE04EC0-301F-11D3-BF4B-00C04F79EFBC}") = "ABC_SlideShow", "ABC_SlideShow\ABC_SlideShow.csproj", "{1C7B0CF1-3CA9-4C39-B1B8-C81FEB311C60}"
EndProject
Project("{FAE04EC0-301F-11D3-BF4B-00C04F79EFBC}") = "WpfPageTransitions", "WpfPageTransitions\WpfPageTransitions.csproj", "{ED0AED12-1538-4E68-9954-E3BDDF844B01}"
EndProject
Project("{FAE04EC0-301F-11D3-BF4B-00C04F79EFBC}") = "ScrollviewTest", "ScrollviewTest\ScrollviewTest.csproj", "{2CD8ED2D-AD84-49C7-9313-03D7AE80F81E}"
EndProject
Global
	GlobalSection(SolutionConfigurationPlatforms) = preSolution
		Debug|Any CPU = Debug|Any CPU
		Release|Any CPU = Release|Any CPU
	EndGlobalSection
	GlobalSection(ProjectConfigurationPlatforms) = postSolution
		{1C7B0CF1-3CA9-4C39-B1B8-C81FEB311C60}.Debug|Any CPU.ActiveCfg = Debug|Any CPU
		{1C7B0CF1-3CA9-4C39-B1B8-C81FEB311C60}.Debug|Any CPU.Build.0 = Debug|Any CPU
		{1C7B0CF1-3CA9-4C39-B1B8-C81FEB311C60}.Release|Any CPU.ActiveCfg = Release|Any CPU
		{1C7B0CF1-3CA9-4C39-B1B8-C81FEB311C60}.Release|Any CPU.Build.0 = Release|Any CPU
		{ED0AED12-1538-4E68-9954-E3BDDF844B01}.Debug|Any CPU.ActiveCfg = Debug|Any CPU
		{ED0AED12-1538-4E68-9954-E3BDDF844B01}.Debug|Any CPU.Build.0 = Debug|Any CPU
		{ED0AED12-1538-4E68-9954-E3BDDF844B01}.Release|Any CPU.ActiveCfg = Release|Any CPU
		{ED0AED12-1538-4E68-9954-E3BDDF844B01}.Release|Any CPU.Build.0 = Release|Any CPU
		{2CD8ED2D-AD84-49C7-9313-03D7AE80F81E}.Debug|Any CPU.ActiveCfg = Debug|Any CPU
		{2CD8ED2D-AD84-49C7-9313-03D7AE80F81E}.Debug|Any CPU.Build.0 = Debug|Any CPU
		{2CD8ED2D-AD84-49C7-9313-03D7AE80F81E}.Release|Any CPU.ActiveCfg = Release|Any CPU
		{2CD8ED2D-AD84-49C7-9313-03D7AE80F81E}.Release|Any CPU.Build.0 = Release|Any CPU
	EndGlobalSection
	GlobalSection(SolutionProperties) = preSolution
		HideSolutionNode = FALSE
	EndGlobalSection
EndGlobal
